// !$*UTF8*$!
{
	archiveVersion = 1;
	classes = {
	};
	objectVersion = 56;
	objects = {

/* Begin PBXBuildFile section */
		2F896CDB2B83AB90009FBB13 /* SwiftyJSON.swift in Sources */ = {isa = PBXBuildFile; fileRef = 2F896CDA2B83AB90009FBB13 /* SwiftyJSON.swift */; };
		2F896CDD2B83F2F3009FBB13 /* UserInfo.swift in Sources */ = {isa = PBXBuildFile; fileRef = 2F896CDC2B83F2F3009FBB13 /* UserInfo.swift */; };
		2F896CDF2B83FBA3009FBB13 /* PostViewModel.swift in Sources */ = {isa = PBXBuildFile; fileRef = 2F896CDE2B83FBA3009FBB13 /* PostViewModel.swift */; };
		A77B55732B7566EA000798D7 /* LoginModel.swift in Sources */ = {isa = PBXBuildFile; fileRef = A77B55722B7566EA000798D7 /* LoginModel.swift */; };
		A7FE559D2B67F21E004CAAE9 /* VacacionesApp.swift in Sources */ = {isa = PBXBuildFile; fileRef = A7FE559C2B67F21E004CAAE9 /* VacacionesApp.swift */; };
		A7FE559F2B67F21E004CAAE9 /* LoginView.swift in Sources */ = {isa = PBXBuildFile; fileRef = A7FE559E2B67F21E004CAAE9 /* LoginView.swift */; };
		A7FE55A12B67F226004CAAE9 /* Assets.xcassets in Resources */ = {isa = PBXBuildFile; fileRef = A7FE55A02B67F226004CAAE9 /* Assets.xcassets */; };
		A7FE55A42B67F226004CAAE9 /* Preview Assets.xcassets in Resources */ = {isa = PBXBuildFile; fileRef = A7FE55A32B67F226004CAAE9 /* Preview Assets.xcassets */; };
		A7FE55AC2B67FA51004CAAE9 /* VacationView.swift in Sources */ = {isa = PBXBuildFile; fileRef = A7FE55AB2B67FA51004CAAE9 /* VacationView.swift */; };
		A7FE55AE2B67FBEB004CAAE9 /* HeaderView.swift in Sources */ = {isa = PBXBuildFile; fileRef = A7FE55AD2B67FBEB004CAAE9 /* HeaderView.swift */; };
		A7FE55B02B68008C004CAAE9 /* TextCustomizer.swift in Sources */ = {isa = PBXBuildFile; fileRef = A7FE55AF2B68008C004CAAE9 /* TextCustomizer.swift */; };
		A7FE55B22B680C70004CAAE9 /* StartView.swift in Sources */ = {isa = PBXBuildFile; fileRef = A7FE55B12B680C70004CAAE9 /* StartView.swift */; };
		A7FE55B42B680CC7004CAAE9 /* NewRequestView.swift in Sources */ = {isa = PBXBuildFile; fileRef = A7FE55B32B680CC7004CAAE9 /* NewRequestView.swift */; };
		A7FE55B62B680D69004CAAE9 /* ConsultView.swift in Sources */ = {isa = PBXBuildFile; fileRef = A7FE55B52B680D69004CAAE9 /* ConsultView.swift */; };
		A7FE55B82B6828BB004CAAE9 /* Tabs.swift in Sources */ = {isa = PBXBuildFile; fileRef = A7FE55B72B6828BB004CAAE9 /* Tabs.swift */; };
		A7FE55BA2B6843CB004CAAE9 /* DayView.swift in Sources */ = {isa = PBXBuildFile; fileRef = A7FE55B92B6843CB004CAAE9 /* DayView.swift */; };
		A7FE55BC2B6958A3004CAAE9 /* Card.swift in Sources */ = {isa = PBXBuildFile; fileRef = A7FE55BB2B6958A3004CAAE9 /* Card.swift */; };
		A7FE55BE2B696279004CAAE9 /* RequestView.swift in Sources */ = {isa = PBXBuildFile; fileRef = A7FE55BD2B696279004CAAE9 /* RequestView.swift */; };
		A7FE55C32B699362004CAAE9 /* RequestModel.swift in Sources */ = {isa = PBXBuildFile; fileRef = A7FE55C22B699362004CAAE9 /* RequestModel.swift */; };
		A7FE55C52B6BF1CD004CAAE9 /* UserModel.swift in Sources */ = {isa = PBXBuildFile; fileRef = A7FE55C42B6BF1CD004CAAE9 /* UserModel.swift */; };
		A7FE55C72B6BF296004CAAE9 /* Launch Screen.storyboard in Resources */ = {isa = PBXBuildFile; fileRef = A7FE55C62B6BF296004CAAE9 /* Launch Screen.storyboard */; };
		A7FE55CA2B6BFDAB004CAAE9 /* RequestViewModel.swift in Sources */ = {isa = PBXBuildFile; fileRef = A7FE55C92B6BFDAA004CAAE9 /* RequestViewModel.swift */; };
/* End PBXBuildFile section */

/* Begin PBXFileReference section */
		2F896CDA2B83AB90009FBB13 /* SwiftyJSON.swift */ = {isa = PBXFileReference; fileEncoding = 4; lastKnownFileType = sourcecode.swift; name = SwiftyJSON.swift; path = ../../../Downloads/SwiftyJSON.swift; sourceTree = "<group>"; };
		2F896CDC2B83F2F3009FBB13 /* UserInfo.swift */ = {isa = PBXFileReference; lastKnownFileType = sourcecode.swift; path = UserInfo.swift; sourceTree = "<group>"; };
		2F896CDE2B83FBA3009FBB13 /* PostViewModel.swift */ = {isa = PBXFileReference; lastKnownFileType = sourcecode.swift; path = PostViewModel.swift; sourceTree = "<group>"; };
		A77B55722B7566EA000798D7 /* LoginModel.swift */ = {isa = PBXFileReference; lastKnownFileType = sourcecode.swift; path = LoginModel.swift; sourceTree = "<group>"; };
		A7FE55992B67F21E004CAAE9 /* Vacaciones.app */ = {isa = PBXFileReference; explicitFileType = wrapper.application; includeInIndex = 0; path = Vacaciones.app; sourceTree = BUILT_PRODUCTS_DIR; };
		A7FE559C2B67F21E004CAAE9 /* VacacionesApp.swift */ = {isa = PBXFileReference; lastKnownFileType = sourcecode.swift; path = VacacionesApp.swift; sourceTree = "<group>"; };
		A7FE559E2B67F21E004CAAE9 /* LoginView.swift */ = {isa = PBXFileReference; lastKnownFileType = sourcecode.swift; path = LoginView.swift; sourceTree = "<group>"; };
		A7FE55A02B67F226004CAAE9 /* Assets.xcassets */ = {isa = PBXFileReference; lastKnownFileType = folder.assetcatalog; path = Assets.xcassets; sourceTree = "<group>"; };
		A7FE55A32B67F226004CAAE9 /* Preview Assets.xcassets */ = {isa = PBXFileReference; lastKnownFileType = folder.assetcatalog; path = "Preview Assets.xcassets"; sourceTree = "<group>"; };
		A7FE55AB2B67FA51004CAAE9 /* VacationView.swift */ = {isa = PBXFileReference; lastKnownFileType = sourcecode.swift; path = VacationView.swift; sourceTree = "<group>"; };
		A7FE55AD2B67FBEB004CAAE9 /* HeaderView.swift */ = {isa = PBXFileReference; lastKnownFileType = sourcecode.swift; path = HeaderView.swift; sourceTree = "<group>"; };
		A7FE55AF2B68008C004CAAE9 /* TextCustomizer.swift */ = {isa = PBXFileReference; lastKnownFileType = sourcecode.swift; path = TextCustomizer.swift; sourceTree = "<group>"; };
		A7FE55B12B680C70004CAAE9 /* StartView.swift */ = {isa = PBXFileReference; lastKnownFileType = sourcecode.swift; path = StartView.swift; sourceTree = "<group>"; };
		A7FE55B32B680CC7004CAAE9 /* NewRequestView.swift */ = {isa = PBXFileReference; lastKnownFileType = sourcecode.swift; path = NewRequestView.swift; sourceTree = "<group>"; };
		A7FE55B52B680D69004CAAE9 /* ConsultView.swift */ = {isa = PBXFileReference; lastKnownFileType = sourcecode.swift; path = ConsultView.swift; sourceTree = "<group>"; };
		A7FE55B72B6828BB004CAAE9 /* Tabs.swift */ = {isa = PBXFileReference; lastKnownFileType = sourcecode.swift; path = Tabs.swift; sourceTree = "<group>"; };
		A7FE55B92B6843CB004CAAE9 /* DayView.swift */ = {isa = PBXFileReference; lastKnownFileType = sourcecode.swift; path = DayView.swift; sourceTree = "<group>"; };
		A7FE55BB2B6958A3004CAAE9 /* Card.swift */ = {isa = PBXFileReference; lastKnownFileType = sourcecode.swift; path = Card.swift; sourceTree = "<group>"; };
		A7FE55BD2B696279004CAAE9 /* RequestView.swift */ = {isa = PBXFileReference; lastKnownFileType = sourcecode.swift; path = RequestView.swift; sourceTree = "<group>"; };
		A7FE55C22B699362004CAAE9 /* RequestModel.swift */ = {isa = PBXFileReference; lastKnownFileType = sourcecode.swift; path = RequestModel.swift; sourceTree = "<group>"; };
		A7FE55C42B6BF1CD004CAAE9 /* UserModel.swift */ = {isa = PBXFileReference; lastKnownFileType = sourcecode.swift; path = UserModel.swift; sourceTree = "<group>"; };
		A7FE55C62B6BF296004CAAE9 /* Launch Screen.storyboard */ = {isa = PBXFileReference; lastKnownFileType = file.storyboard; path = "Launch Screen.storyboard"; sourceTree = "<group>"; };
		A7FE55C92B6BFDAA004CAAE9 /* RequestViewModel.swift */ = {isa = PBXFileReference; lastKnownFileType = sourcecode.swift; path = RequestViewModel.swift; sourceTree = "<group>"; };
/* End PBXFileReference section */

/* Begin PBXFrameworksBuildPhase section */
		A7FE55962B67F21E004CAAE9 /* Frameworks */ = {
			isa = PBXFrameworksBuildPhase;
			buildActionMask = 2147483647;
			files = (
			);
			runOnlyForDeploymentPostprocessing = 0;
		};
/* End PBXFrameworksBuildPhase section */

/* Begin PBXGroup section */
		A7FE55902B67F21E004CAAE9 = {
			isa = PBXGroup;
			children = (
				A7FE559B2B67F21E004CAAE9 /* Vacaciones */,
				A7FE559A2B67F21E004CAAE9 /* Products */,
			);
			sourceTree = "<group>";
		};
		A7FE559A2B67F21E004CAAE9 /* Products */ = {
			isa = PBXGroup;
			children = (
				A7FE55992B67F21E004CAAE9 /* Vacaciones.app */,
			);
			name = Products;
			sourceTree = "<group>";
		};
		A7FE559B2B67F21E004CAAE9 /* Vacaciones */ = {
			isa = PBXGroup;
			children = (
				A7FE55C82B6BFD85004CAAE9 /* ViewModel */,
				A7FE55BF2B6963B3004CAAE9 /* Model */,
				A7FE55AA2B67FA29004CAAE9 /* View */,
				A7FE559C2B67F21E004CAAE9 /* VacacionesApp.swift */,
				A7FE55A02B67F226004CAAE9 /* Assets.xcassets */,
				A7FE55A22B67F226004CAAE9 /* Preview Content */,
				A7FE55AF2B68008C004CAAE9 /* TextCustomizer.swift */,
				A7FE55C62B6BF296004CAAE9 /* Launch Screen.storyboard */,
				2F896CDA2B83AB90009FBB13 /* SwiftyJSON.swift */,
			);
			path = Vacaciones;
			sourceTree = "<group>";
		};
		A7FE55A22B67F226004CAAE9 /* Preview Content */ = {
			isa = PBXGroup;
			children = (
				A7FE55A32B67F226004CAAE9 /* Preview Assets.xcassets */,
			);
			path = "Preview Content";
			sourceTree = "<group>";
		};
		A7FE55AA2B67FA29004CAAE9 /* View */ = {
			isa = PBXGroup;
			children = (
				A7FE559E2B67F21E004CAAE9 /* LoginView.swift */,
				A7FE55AB2B67FA51004CAAE9 /* VacationView.swift */,
				A7FE55AD2B67FBEB004CAAE9 /* HeaderView.swift */,
				A7FE55B12B680C70004CAAE9 /* StartView.swift */,
				A7FE55B32B680CC7004CAAE9 /* NewRequestView.swift */,
				A7FE55B52B680D69004CAAE9 /* ConsultView.swift */,
				A7FE55B72B6828BB004CAAE9 /* Tabs.swift */,
				A7FE55B92B6843CB004CAAE9 /* DayView.swift */,
				A7FE55BB2B6958A3004CAAE9 /* Card.swift */,
				A7FE55BD2B696279004CAAE9 /* RequestView.swift */,
			);
			path = View;
			sourceTree = "<group>";
		};
		A7FE55BF2B6963B3004CAAE9 /* Model */ = {
			isa = PBXGroup;
			children = (
				A7FE55C22B699362004CAAE9 /* RequestModel.swift */,
				A7FE55C42B6BF1CD004CAAE9 /* UserModel.swift */,
				A77B55722B7566EA000798D7 /* LoginModel.swift */,
				2F896CDC2B83F2F3009FBB13 /* UserInfo.swift */,
			);
			path = Model;
			sourceTree = "<group>";
		};
		A7FE55C82B6BFD85004CAAE9 /* ViewModel */ = {
			isa = PBXGroup;
			children = (
				A7FE55C92B6BFDAA004CAAE9 /* RequestViewModel.swift */,
				2F896CDE2B83FBA3009FBB13 /* PostViewModel.swift */,
			);
			path = ViewModel;
			sourceTree = "<group>";
		};
/* End PBXGroup section */

/* Begin PBXNativeTarget section */
		A7FE55982B67F21E004CAAE9 /* Vacaciones */ = {
			isa = PBXNativeTarget;
			buildConfigurationList = A7FE55A72B67F226004CAAE9 /* Build configuration list for PBXNativeTarget "Vacaciones" */;
			buildPhases = (
				A7FE55952B67F21E004CAAE9 /* Sources */,
				A7FE55962B67F21E004CAAE9 /* Frameworks */,
				A7FE55972B67F21E004CAAE9 /* Resources */,
			);
			buildRules = (
			);
			dependencies = (
			);
			name = Vacaciones;
			productName = Vacaciones;
			productReference = A7FE55992B67F21E004CAAE9 /* Vacaciones.app */;
			productType = "com.apple.product-type.application";
		};
/* End PBXNativeTarget section */

/* Begin PBXProject section */
		A7FE55912B67F21E004CAAE9 /* Project object */ = {
			isa = PBXProject;
			attributes = {
				BuildIndependentTargetsInParallel = 1;
				LastSwiftUpdateCheck = 1420;
				LastUpgradeCheck = 1420;
				TargetAttributes = {
					A7FE55982B67F21E004CAAE9 = {
						CreatedOnToolsVersion = 14.2;
					};
				};
			};
			buildConfigurationList = A7FE55942B67F21E004CAAE9 /* Build configuration list for PBXProject "Vacaciones" */;
			compatibilityVersion = "Xcode 14.0";
			developmentRegion = en;
			hasScannedForEncodings = 0;
			knownRegions = (
				en,
				Base,
			);
			mainGroup = A7FE55902B67F21E004CAAE9;
			productRefGroup = A7FE559A2B67F21E004CAAE9 /* Products */;
			projectDirPath = "";
			projectRoot = "";
			targets = (
				A7FE55982B67F21E004CAAE9 /* Vacaciones */,
			);
		};
/* End PBXProject section */

/* Begin PBXResourcesBuildPhase section */
		A7FE55972B67F21E004CAAE9 /* Resources */ = {
			isa = PBXResourcesBuildPhase;
			buildActionMask = 2147483647;
			files = (
				A7FE55C72B6BF296004CAAE9 /* Launch Screen.storyboard in Resources */,
				A7FE55A42B67F226004CAAE9 /* Preview Assets.xcassets in Resources */,
				A7FE55A12B67F226004CAAE9 /* Assets.xcassets in Resources */,
			);
			runOnlyForDeploymentPostprocessing = 0;
		};
/* End PBXResourcesBuildPhase section */

/* Begin PBXSourcesBuildPhase section */
		A7FE55952B67F21E004CAAE9 /* Sources */ = {
			isa = PBXSourcesBuildPhase;
			buildActionMask = 2147483647;
			files = (
				A7FE55CA2B6BFDAB004CAAE9 /* RequestViewModel.swift in Sources */,
				A7FE55B42B680CC7004CAAE9 /* NewRequestView.swift in Sources */,
				A7FE55BE2B696279004CAAE9 /* RequestView.swift in Sources */,
				A7FE55BA2B6843CB004CAAE9 /* DayView.swift in Sources */,
				A7FE559F2B67F21E004CAAE9 /* LoginView.swift in Sources */,
				A77B55732B7566EA000798D7 /* LoginModel.swift in Sources */,
				A7FE559D2B67F21E004CAAE9 /* VacacionesApp.swift in Sources */,
				A7FE55AC2B67FA51004CAAE9 /* VacationView.swift in Sources */,
				A7FE55B22B680C70004CAAE9 /* StartView.swift in Sources */,
				A7FE55B82B6828BB004CAAE9 /* Tabs.swift in Sources */,
				A7FE55C52B6BF1CD004CAAE9 /* UserModel.swift in Sources */,
				A7FE55AE2B67FBEB004CAAE9 /* HeaderView.swift in Sources */,
				A7FE55B02B68008C004CAAE9 /* TextCustomizer.swift in Sources */,
				A7FE55C32B699362004CAAE9 /* RequestModel.swift in Sources */,
				2F896CDB2B83AB90009FBB13 /* SwiftyJSON.swift in Sources */,
				A7FE55B62B680D69004CAAE9 /* ConsultView.swift in Sources */,
				2F896CDD2B83F2F3009FBB13 /* UserInfo.swift in Sources */,
				A7FE55BC2B6958A3004CAAE9 /* Card.swift in Sources */,
				2F896CDF2B83FBA3009FBB13 /* PostViewModel.swift in Sources */,
			);
			runOnlyForDeploymentPostprocessing = 0;
		};
/* End PBXSourcesBuildPhase section */

/* Begin XCBuildConfiguration section */
		A7FE55A52B67F226004CAAE9 /* Debug */ = {
			isa = XCBuildConfiguration;
			buildSettings = {
				ALWAYS_SEARCH_USER_PATHS = NO;
				CLANG_ANALYZER_NONNULL = YES;
				CLANG_ANALYZER_NUMBER_OBJECT_CONVERSION = YES_AGGRESSIVE;
				CLANG_CXX_LANGUAGE_STANDARD = "gnu++20";
				CLANG_ENABLE_MODULES = YES;
				CLANG_ENABLE_OBJC_ARC = YES;
				CLANG_ENABLE_OBJC_WEAK = YES;
				CLANG_WARN_BLOCK_CAPTURE_AUTORELEASING = YES;
				CLANG_WARN_BOOL_CONVERSION = YES;
				CLANG_WARN_COMMA = YES;
				CLANG_WARN_CONSTANT_CONVERSION = YES;
				CLANG_WARN_DEPRECATED_OBJC_IMPLEMENTATIONS = YES;
				CLANG_WARN_DIRECT_OBJC_ISA_USAGE = YES_ERROR;
				CLANG_WARN_DOCUMENTATION_COMMENTS = YES;
				CLANG_WARN_EMPTY_BODY = YES;
				CLANG_WARN_ENUM_CONVERSION = YES;
				CLANG_WARN_INFINITE_RECURSION = YES;
				CLANG_WARN_INT_CONVERSION = YES;
				CLANG_WARN_NON_LITERAL_NULL_CONVERSION = YES;
				CLANG_WARN_OBJC_IMPLICIT_RETAIN_SELF = YES;
				CLANG_WARN_OBJC_LITERAL_CONVERSION = YES;
				CLANG_WARN_OBJC_ROOT_CLASS = YES_ERROR;
				CLANG_WARN_QUOTED_INCLUDE_IN_FRAMEWORK_HEADER = YES;
				CLANG_WARN_RANGE_LOOP_ANALYSIS = YES;
				CLANG_WARN_STRICT_PROTOTYPES = YES;
				CLANG_WARN_SUSPICIOUS_MOVE = YES;
				CLANG_WARN_UNGUARDED_AVAILABILITY = YES_AGGRESSIVE;
				CLANG_WARN_UNREACHABLE_CODE = YES;
				CLANG_WARN__DUPLICATE_METHOD_MATCH = YES;
				COPY_PHASE_STRIP = NO;
				DEBUG_INFORMATION_FORMAT = dwarf;
				ENABLE_STRICT_OBJC_MSGSEND = YES;
				ENABLE_TESTABILITY = YES;
				GCC_C_LANGUAGE_STANDARD = gnu11;
				GCC_DYNAMIC_NO_PIC = NO;
				GCC_NO_COMMON_BLOCKS = YES;
				GCC_OPTIMIZATION_LEVEL = 0;
				GCC_PREPROCESSOR_DEFINITIONS = (
					"DEBUG=1",
					"$(inherited)",
				);
				GCC_WARN_64_TO_32_BIT_CONVERSION = YES;
				GCC_WARN_ABOUT_RETURN_TYPE = YES_ERROR;
				GCC_WARN_UNDECLARED_SELECTOR = YES;
				GCC_WARN_UNINITIALIZED_AUTOS = YES_AGGRESSIVE;
				GCC_WARN_UNUSED_FUNCTION = YES;
				GCC_WARN_UNUSED_VARIABLE = YES;
				IPHONEOS_DEPLOYMENT_TARGET = 16.2;
				MTL_ENABLE_DEBUG_INFO = INCLUDE_SOURCE;
				MTL_FAST_MATH = YES;
				ONLY_ACTIVE_ARCH = YES;
				SDKROOT = iphoneos;
				SWIFT_ACTIVE_COMPILATION_CONDITIONS = DEBUG;
				SWIFT_OPTIMIZATION_LEVEL = "-Onone";
			};
			name = Debug;
		};
		A7FE55A62B67F226004CAAE9 /* Release */ = {
			isa = XCBuildConfiguration;
			buildSettings = {
				ALWAYS_SEARCH_USER_PATHS = NO;
				CLANG_ANALYZER_NONNULL = YES;
				CLANG_ANALYZER_NUMBER_OBJECT_CONVERSION = YES_AGGRESSIVE;
				CLANG_CXX_LANGUAGE_STANDARD = "gnu++20";
				CLANG_ENABLE_MODULES = YES;
				CLANG_ENABLE_OBJC_ARC = YES;
				CLANG_ENABLE_OBJC_WEAK = YES;
				CLANG_WARN_BLOCK_CAPTURE_AUTORELEASING = YES;
				CLANG_WARN_BOOL_CONVERSION = YES;
				CLANG_WARN_COMMA = YES;
				CLANG_WARN_CONSTANT_CONVERSION = YES;
				CLANG_WARN_DEPRECATED_OBJC_IMPLEMENTATIONS = YES;
				CLANG_WARN_DIRECT_OBJC_ISA_USAGE = YES_ERROR;
				CLANG_WARN_DOCUMENTATION_COMMENTS = YES;
				CLANG_WARN_EMPTY_BODY = YES;
				CLANG_WARN_ENUM_CONVERSION = YES;
				CLANG_WARN_INFINITE_RECURSION = YES;
				CLANG_WARN_INT_CONVERSION = YES;
				CLANG_WARN_NON_LITERAL_NULL_CONVERSION = YES;
				CLANG_WARN_OBJC_IMPLICIT_RETAIN_SELF = YES;
				CLANG_WARN_OBJC_LITERAL_CONVERSION = YES;
				CLANG_WARN_OBJC_ROOT_CLASS = YES_ERROR;
				CLANG_WARN_QUOTED_INCLUDE_IN_FRAMEWORK_HEADER = YES;
				CLANG_WARN_RANGE_LOOP_ANALYSIS = YES;
				CLANG_WARN_STRICT_PROTOTYPES = YES;
				CLANG_WARN_SUSPICIOUS_MOVE = YES;
				CLANG_WARN_UNGUARDED_AVAILABILITY = YES_AGGRESSIVE;
				CLANG_WARN_UNREACHABLE_CODE = YES;
				CLANG_WARN__DUPLICATE_METHOD_MATCH = YES;
				COPY_PHASE_STRIP = NO;
				DEBUG_INFORMATION_FORMAT = "dwarf-with-dsym";
				ENABLE_NS_ASSERTIONS = NO;
				ENABLE_STRICT_OBJC_MSGSEND = YES;
				GCC_C_LANGUAGE_STANDARD = gnu11;
				GCC_NO_COMMON_BLOCKS = YES;
				GCC_WARN_64_TO_32_BIT_CONVERSION = YES;
				GCC_WARN_ABOUT_RETURN_TYPE = YES_ERROR;
				GCC_WARN_UNDECLARED_SELECTOR = YES;
				GCC_WARN_UNINITIALIZED_AUTOS = YES_AGGRESSIVE;
				GCC_WARN_UNUSED_FUNCTION = YES;
				GCC_WARN_UNUSED_VARIABLE = YES;
				IPHONEOS_DEPLOYMENT_TARGET = 16.2;
				MTL_ENABLE_DEBUG_INFO = NO;
				MTL_FAST_MATH = YES;
				SDKROOT = iphoneos;
				SWIFT_COMPILATION_MODE = wholemodule;
				SWIFT_OPTIMIZATION_LEVEL = "-O";
				VALIDATE_PRODUCT = YES;
			};
			name = Release;
		};
		A7FE55A82B67F226004CAAE9 /* Debug */ = {
			isa = XCBuildConfiguration;
			buildSettings = {
				ASSETCATALOG_COMPILER_APPICON_NAME = AppIcon;
				ASSETCATALOG_COMPILER_GLOBAL_ACCENT_COLOR_NAME = AccentColor;
				CODE_SIGN_STYLE = Automatic;
				CURRENT_PROJECT_VERSION = 1;
				DEVELOPMENT_ASSET_PATHS = "\"Vacaciones/Preview Content\"";
				ENABLE_PREVIEWS = YES;
				GENERATE_INFOPLIST_FILE = YES;
				INFOPLIST_KEY_UIApplicationSceneManifest_Generation = YES;
				INFOPLIST_KEY_UIApplicationSupportsIndirectInputEvents = YES;
				INFOPLIST_KEY_UILaunchScreen_Generation = YES;
				INFOPLIST_KEY_UILaunchStoryboardName = "Launch Screen.storyboard";
				INFOPLIST_KEY_UISupportedInterfaceOrientations_iPad = "UIInterfaceOrientationPortrait UIInterfaceOrientationPortraitUpsideDown UIInterfaceOrientationLandscapeLeft UIInterfaceOrientationLandscapeRight";
				INFOPLIST_KEY_UISupportedInterfaceOrientations_iPhone = "UIInterfaceOrientationPortrait UIInterfaceOrientationLandscapeLeft UIInterfaceOrientationLandscapeRight";
				LD_RUNPATH_SEARCH_PATHS = (
					"$(inherited)",
					"@executable_path/Frameworks",
				);
				MARKETING_VERSION = 1.0;
				PRODUCT_BUNDLE_IDENTIFIER = com.frcvdev.Vacaciones;
				PRODUCT_NAME = "$(TARGET_NAME)";
				SWIFT_EMIT_LOC_STRINGS = YES;
				SWIFT_VERSION = 5.0;
				TARGETED_DEVICE_FAMILY = "1,2";
			};
			name = Debug;
		};
		A7FE55A92B67F226004CAAE9 /* Release */ = {
			isa = XCBuildConfiguration;
			buildSettings = {
				ASSETCATALOG_COMPILER_APPICON_NAME = AppIcon;
				ASSETCATALOG_COMPILER_GLOBAL_ACCENT_COLOR_NAME = AccentColor;
				CODE_SIGN_STYLE = Automatic;
				CURRENT_PROJECT_VERSION = 1;
				DEVELOPMENT_ASSET_PATHS = "\"Vacaciones/Preview Content\"";
				ENABLE_PREVIEWS = YES;
				GENERATE_INFOPLIST_FILE = YES;
				INFOPLIST_KEY_UIApplicationSceneManifest_Generation = YES;
				INFOPLIST_KEY_UIApplicationSupportsIndirectInputEvents = YES;
				INFOPLIST_KEY_UILaunchScreen_Generation = YES;
				INFOPLIST_KEY_UILaunchStoryboardName = "Launch Screen.storyboard";
				INFOPLIST_KEY_UISupportedInterfaceOrientations_iPad = "UIInterfaceOrientationPortrait UIInterfaceOrientationPortraitUpsideDown UIInterfaceOrientationLandscapeLeft UIInterfaceOrientationLandscapeRight";
				INFOPLIST_KEY_UISupportedInterfaceOrientations_iPhone = "UIInterfaceOrientationPortrait UIInterfaceOrientationLandscapeLeft UIInterfaceOrientationLandscapeRight";
				LD_RUNPATH_SEARCH_PATHS = (
					"$(inherited)",
					"@executable_path/Frameworks",
				);
				MARKETING_VERSION = 1.0;
				PRODUCT_BUNDLE_IDENTIFIER = com.frcvdev.Vacaciones;
				PRODUCT_NAME = "$(TARGET_NAME)";
				SWIFT_EMIT_LOC_STRINGS = YES;
				SWIFT_VERSION = 5.0;
				TARGETED_DEVICE_FAMILY = "1,2";
			};
			name = Release;
		};
/* End XCBuildConfiguration section */

/* Begin XCConfigurationList section */
		A7FE55942B67F21E004CAAE9 /* Build configuration list for PBXProject "Vacaciones" */ = {
			isa = XCConfigurationList;
			buildConfigurations = (
				A7FE55A52B67F226004CAAE9 /* Debug */,
				A7FE55A62B67F226004CAAE9 /* Release */,
			);
			defaultConfigurationIsVisible = 0;
			defaultConfigurationName = Release;
		};
		A7FE55A72B67F226004CAAE9 /* Build configuration list for PBXNativeTarget "Vacaciones" */ = {
			isa = XCConfigurationList;
			buildConfigurations = (
				A7FE55A82B67F226004CAAE9 /* Debug */,
				A7FE55A92B67F226004CAAE9 /* Release */,
			);
			defaultConfigurationIsVisible = 0;
			defaultConfigurationName = Release;
		};
/* End XCConfigurationList section */
	};
	rootObject = A7FE55912B67F21E004CAAE9 /* Project object */;
}
